{
  "requires": true,
  "lockfileVersion": 1,
  "dependencies": {
    "jazz-midi": {
      "version": "1.6.1",
      "resolved": "https://registry.npmjs.org/jazz-midi/-/jazz-midi-1.6.1.tgz",
      "integrity": "sha512-SMOpWbTmZQPxou9imCpOi0UX05rf4DZ4xvYEjuZGEO/0eIJs65Q56E/wYFq7B6Ikki0vGDP2mRyUcJEruC1c4g=="
    },
    "jsmidgen": {
      "version": "0.1.5",
      "resolved": "https://registry.npmjs.org/jsmidgen/-/jsmidgen-0.1.5.tgz",
      "integrity": "sha1-rQr9Y3XrEvUQZAJTk847rsOAWF0="
    },
    "midievents": {
      "version": "1.0.1",
      "resolved": "https://registry.npmjs.org/midievents/-/midievents-1.0.1.tgz",
      "integrity": "sha1-98i6fvtlfyw7yAwsvRkRcjTSzFI="
    },
    "midifile": {
      "version": "1.0.4",
      "resolved": "https://registry.npmjs.org/midifile/-/midifile-1.0.4.tgz",
      "integrity": "sha1-b+FliZZ8EetIuky+JdV1XYxhwQs=",
      "requires": {
        "midievents": "1.0.1",
        "utf-8": "1.0.0"
      }
    },
    "midiplayer": {
      "version": "1.0.0",
      "resolved": "https://registry.npmjs.org/midiplayer/-/midiplayer-1.0.0.tgz",
      "integrity": "sha1-YsF/XkU8lA7ui164yISfv6C8oHY=",
      "requires": {
        "midievents": "1.0.1"
      }
    },
    "performance-now": {
      "version": "2.1.0",
      "resolved": "https://registry.npmjs.org/performance-now/-/performance-now-2.1.0.tgz",
      "integrity": "sha1-Ywn04OX6kT7BxpMHrjZLSzd8nns="
    },
    "scribbletune": {
      "version": "0.11.2",
      "resolved": "https://registry.npmjs.org/scribbletune/-/scribbletune-0.11.2.tgz",
      "integrity": "sha1-qidmopIfgw3xIAZXiLm3kkn3kIM=",
      "requires": {
        "jsmidgen": "0.1.5"
      }
    },
    "string.fromcodepoint": {
      "version": "0.2.1",
      "resolved": "https://registry.npmjs.org/string.fromcodepoint/-/string.fromcodepoint-0.2.1.tgz",
      "integrity": "sha1-jZeDM8C8klOPUPOD5IiPPlYZ1lM="
    },
    "string.prototype.codepointat": {
      "version": "0.2.0",
      "resolved": "https://registry.npmjs.org/string.prototype.codepointat/-/string.prototype.codepointat-0.2.0.tgz",
      "integrity": "sha1-aybpvTr8qnvjtCabUm3huCAArHg="
    },
    "utf-8": {
      "version": "1.0.0",
      "resolved": "https://registry.npmjs.org/utf-8/-/utf-8-1.0.0.tgz",
      "integrity": "sha1-QpwJ+xrDLOuvVllh7aSMs/RSIZc=",
      "requires": {
        "string.fromcodepoint": "0.2.1",
        "string.prototype.codepointat": "0.2.0"
      }
    },
    "web-midi-api": {
      "version": "1.4.4",
      "resolved": "https://registry.npmjs.org/web-midi-api/-/web-midi-api-1.4.4.tgz",
      "integrity": "sha1-t8FRpOBp57lQVT5L9bpF/ptqNw8=",
      "requires": {
        "jazz-midi": "1.6.1",
        "performance-now": "2.1.0"
      }
    }
  }
}
